{
  "name": "TcHmiSimpleRangeSlider",
  "version": "1.0.0",
  "lockfileVersion": 1,
  "requires": true,
  "dependencies": {
    "@yaireo/ui-range": {
      "version": "2.1.15",
      "resolved": "https://registry.npmjs.org/@yaireo/ui-range/-/ui-range-2.1.15.tgz",
      "integrity": "sha512-DwSNALW6OmYOBruHtglttfAUnAU9Lp6D5tTlrObYG6BJ3+dd0e73dUmSebK1LhTwyOLeJaHBNfCy7tiUIswl3Q=="
    }
  }
}
